
Microsoft Visual Studio Solution File, Format Version 12.00
# Visual Studio Version 16
VisualStudioVersion = 16.0.29509.3
MinimumVisualStudioVersion = 10.0.40219.1
Project("{8BC9CEB8-8B4A-11D0-8D11-00A0C91BC942}") = "Task1", "Task1\Task1.vcxproj", "{FB90C472-7A22-4F5C-806A-F073BA65F046}"
EndProject
Project("{8BC9CEB8-8B4A-11D0-8D11-00A0C91BC942}") = "Task2", "Task2\Task2.vcxproj", "{F31A77FA-550C-42E3-8548-4FAF9D0B8A0A}"
EndProject
Project("{8BC9CEB8-8B4A-11D0-8D11-00A0C91BC942}") = "Task3", "Task3\Task3.vcxproj", "{C0075970-8FD8-433D-90D6-41EA443FA9FC}"
EndProject
Project("{8BC9CEB8-8B4A-11D0-8D11-00A0C91BC942}") = "Task4", "Task4\Task4.vcxproj", "{D7B093AF-55E3-4A09-8635-0B66C51B2FF2}"
EndProject
Project("{8BC9CEB8-8B4A-11D0-8D11-00A0C91BC942}") = "Task5", "Task5\Task5.vcxproj", "{DCB8A69E-DBA3-4C3C-A2E3-C6CA1867B983}"
EndProject
Project("{8BC9CEB8-8B4A-11D0-8D11-00A0C91BC942}") = "Task6", "Task6\Task6.vcxproj", "{3DFAD79B-C053-4AB4-973C-00D4439576D3}"
EndProject
Project("{8BC9CEB8-8B4A-11D0-8D11-00A0C91BC942}") = "lab3lib", "lab3lib\lab3lib.vcxproj", "{68314B81-42D7-4EC7-9C13-D89D84821181}"
EndProject
Global
	GlobalSection(SolutionConfigurationPlatforms) = preSolution
		Debug|x64 = Debug|x64
		Debug|x86 = Debug|x86
		Release|x64 = Release|x64
		Release|x86 = Release|x86
	EndGlobalSection
	GlobalSection(ProjectConfigurationPlatforms) = postSolution
		{FB90C472-7A22-4F5C-806A-F073BA65F046}.Debug|x64.ActiveCfg = Debug|x64
		{FB90C472-7A22-4F5C-806A-F073BA65F046}.Debug|x64.Build.0 = Debug|x64
		{FB90C472-7A22-4F5C-806A-F073BA65F046}.Debug|x86.ActiveCfg = Debug|Win32
		{FB90C472-7A22-4F5C-806A-F073BA65F046}.Debug|x86.Build.0 = Debug|Win32
		{FB90C472-7A22-4F5C-806A-F073BA65F046}.Release|x64.ActiveCfg = Release|x64
		{FB90C472-7A22-4F5C-806A-F073BA65F046}.Release|x64.Build.0 = Release|x64
		{FB90C472-7A22-4F5C-806A-F073BA65F046}.Release|x86.ActiveCfg = Release|Win32
		{FB90C472-7A22-4F5C-806A-F073BA65F046}.Release|x86.Build.0 = Release|Win32
		{F31A77FA-550C-42E3-8548-4FAF9D0B8A0A}.Debug|x64.ActiveCfg = Debug|x64
		{F31A77FA-550C-42E3-8548-4FAF9D0B8A0A}.Debug|x64.Build.0 = Debug|x64
		{F31A77FA-550C-42E3-8548-4FAF9D0B8A0A}.Debug|x86.ActiveCfg = Debug|Win32
		{F31A77FA-550C-42E3-8548-4FAF9D0B8A0A}.Debug|x86.Build.0 = Debug|Win32
		{F31A77FA-550C-42E3-8548-4FAF9D0B8A0A}.Release|x64.ActiveCfg = Release|x64
		{F31A77FA-550C-42E3-8548-4FAF9D0B8A0A}.Release|x64.Build.0 = Release|x64
		{F31A77FA-550C-42E3-8548-4FAF9D0B8A0A}.Release|x86.ActiveCfg = Release|Win32
		{F31A77FA-550C-42E3-8548-4FAF9D0B8A0A}.Release|x86.Build.0 = Release|Win32
		{C0075970-8FD8-433D-90D6-41EA443FA9FC}.Debug|x64.ActiveCfg = Debug|x64
		{C0075970-8FD8-433D-90D6-41EA443FA9FC}.Debug|x64.Build.0 = Debug|x64
		{C0075970-8FD8-433D-90D6-41EA443FA9FC}.Debug|x86.ActiveCfg = Debug|Win32
		{C0075970-8FD8-433D-90D6-41EA443FA9FC}.Debug|x86.Build.0 = Debug|Win32
		{C0075970-8FD8-433D-90D6-41EA443FA9FC}.Release|x64.ActiveCfg = Release|x64
		{C0075970-8FD8-433D-90D6-41EA443FA9FC}.Release|x64.Build.0 = Release|x64
		{C0075970-8FD8-433D-90D6-41EA443FA9FC}.Release|x86.ActiveCfg = Release|Win32
		{C0075970-8FD8-433D-90D6-41EA443FA9FC}.Release|x86.Build.0 = Release|Win32
		{D7B093AF-55E3-4A09-8635-0B66C51B2FF2}.Debug|x64.ActiveCfg = Debug|x64
		{D7B093AF-55E3-4A09-8635-0B66C51B2FF2}.Debug|x64.Build.0 = Debug|x64
		{D7B093AF-55E3-4A09-8635-0B66C51B2FF2}.Debug|x86.ActiveCfg = Debug|Win32
		{D7B093AF-55E3-4A09-8635-0B66C51B2FF2}.Debug|x86.Build.0 = Debug|Win32
		{D7B093AF-55E3-4A09-8635-0B66C51B2FF2}.Release|x64.ActiveCfg = Release|x64
		{D7B093AF-55E3-4A09-8635-0B66C51B2FF2}.Release|x64.Build.0 = Release|x64
		{D7B093AF-55E3-4A09-8635-0B66C51B2FF2}.Release|x86.ActiveCfg = Release|Win32
		{D7B093AF-55E3-4A09-8635-0B66C51B2FF2}.Release|x86.Build.0 = Release|Win32
		{DCB8A69E-DBA3-4C3C-A2E3-C6CA1867B983}.Debug|x64.ActiveCfg = Debug|x64
		{DCB8A69E-DBA3-4C3C-A2E3-C6CA1867B983}.Debug|x64.Build.0 = Debug|x64
		{DCB8A69E-DBA3-4C3C-A2E3-C6CA1867B983}.Debug|x86.ActiveCfg = Debug|Win32
		{DCB8A69E-DBA3-4C3C-A2E3-C6CA1867B983}.Debug|x86.Build.0 = Debug|Win32
		{DCB8A69E-DBA3-4C3C-A2E3-C6CA1867B983}.Release|x64.ActiveCfg = Release|x64
		{DCB8A69E-DBA3-4C3C-A2E3-C6CA1867B983}.Release|x64.Build.0 = Release|x64
		{DCB8A69E-DBA3-4C3C-A2E3-C6CA1867B983}.Release|x86.ActiveCfg = Release|Win32
		{DCB8A69E-DBA3-4C3C-A2E3-C6CA1867B983}.Release|x86.Build.0 = Release|Win32
		{3DFAD79B-C053-4AB4-973C-00D4439576D3}.Debug|x64.ActiveCfg = Debug|x64
		{3DFAD79B-C053-4AB4-973C-00D4439576D3}.Debug|x64.Build.0 = Debug|x64
		{3DFAD79B-C053-4AB4-973C-00D4439576D3}.Debug|x86.ActiveCfg = Debug|Win32
		{3DFAD79B-C053-4AB4-973C-00D4439576D3}.Debug|x86.Build.0 = Debug|Win32
		{3DFAD79B-C053-4AB4-973C-00D4439576D3}.Release|x64.ActiveCfg = Release|x64
		{3DFAD79B-C053-4AB4-973C-00D4439576D3}.Release|x64.Build.0 = Release|x64
		{3DFAD79B-C053-4AB4-973C-00D4439576D3}.Release|x86.ActiveCfg = Release|Win32
		{3DFAD79B-C053-4AB4-973C-00D4439576D3}.Release|x86.Build.0 = Release|Win32
		{68314B81-42D7-4EC7-9C13-D89D84821181}.Debug|x64.ActiveCfg = Debug|x64
		{68314B81-42D7-4EC7-9C13-D89D84821181}.Debug|x64.Build.0 = Debug|x64
		{68314B81-42D7-4EC7-9C13-D89D84821181}.Debug|x86.ActiveCfg = Debug|Win32
		{68314B81-42D7-4EC7-9C13-D89D84821181}.Debug|x86.Build.0 = Debug|Win32
		{68314B81-42D7-4EC7-9C13-D89D84821181}.Release|x64.ActiveCfg = Release|x64
		{68314B81-42D7-4EC7-9C13-D89D84821181}.Release|x64.Build.0 = Release|x64
		{68314B81-42D7-4EC7-9C13-D89D84821181}.Release|x86.ActiveCfg = Release|Win32
		{68314B81-42D7-4EC7-9C13-D89D84821181}.Release|x86.Build.0 = Release|Win32
	EndGlobalSection
	GlobalSection(SolutionProperties) = preSolution
		HideSolutionNode = FALSE
	EndGlobalSection
	GlobalSection(ExtensibilityGlobals) = postSolution
		SolutionGuid = {47646C0D-695C-4083-A1EE-FA373460AB30}
	EndGlobalSection
EndGlobal
